
Microsoft Visual Studio Solution File, Format Version 12.00
# Visual Studio Version 16
VisualStudioVersion = 16.0.33130.400
MinimumVisualStudioVersion = 10.0.40219.1
Project("{FAE04EC0-301F-11D3-BF4B-00C04F79EFBC}") = "Assignment5", "Assignment5.csproj", "{8A15F9DF-34C2-4FBF-84DB-A31CF2DFF546}"
EndProject
Global
	GlobalSection(SolutionConfigurationPlatforms) = preSolution
		Debug|Any CPU = Debug|Any CPU
		Release|Any CPU = Release|Any CPU
	EndGlobalSection
	GlobalSection(ProjectConfigurationPlatforms) = postSolution
		{8A15F9DF-34C2-4FBF-84DB-A31CF2DFF546}.Debug|Any CPU.ActiveCfg = Debug|Any CPU
		{8A15F9DF-34C2-4FBF-84DB-A31CF2DFF546}.Debug|Any CPU.Build.0 = Debug|Any CPU
		{8A15F9DF-34C2-4FBF-84DB-A31CF2DFF546}.Release|Any CPU.ActiveCfg = Release|Any CPU
		{8A15F9DF-34C2-4FBF-84DB-A31CF2DFF546}.Release|Any CPU.Build.0 = Release|Any CPU
	EndGlobalSection
	GlobalSection(SolutionProperties) = preSolution
		HideSolutionNode = FALSE
	EndGlobalSection
	GlobalSection(ExtensibilityGlobals) = postSolution
		SolutionGuid = {723A4344-12BC-42D7-B308-5D9AE0832A30}
	EndGlobalSection
EndGlobal
